schema: '2.0'
stages:
  data_ingestion:
    cmd: python src/data/data_ingestion.py
    deps:
    - path: src/data/data_ingestion.py
      hash: md5
      md5: 4d839b32b595c2a2e56acacabbd398b7
      size: 3562
    params:
      params.yaml:
        data_ingestion.test_size: 0.1
    outs:
    - path: data/raw
      hash: md5
      md5: baa43b70a6a4c8dac10639c6b987a43a.dir
      size: 827973
      nfiles: 2
  data_preprocessing:
    cmd: python src/data/data_preprocessing.py
    deps:
    - path: data/raw
      hash: md5
      md5: baa43b70a6a4c8dac10639c6b987a43a.dir
      size: 827973
      nfiles: 2
    - path: src/data/data_preprocessing.py
      hash: md5
      md5: c4e841a801f311a9f4906f07c6b0bcc2
      size: 4020
    outs:
    - path: data/interim
      hash: md5
      md5: b62f1a6f72c0889993195c2de9f6b323.dir
      size: 572486
      nfiles: 2
  feature_engineering:
    cmd: python src/features/feature_engineering.py
    deps:
    - path: data/interim
      hash: md5
      md5: b62f1a6f72c0889993195c2de9f6b323.dir
      size: 572486
      nfiles: 2
    - path: src/features/feature_engineering.py
      hash: md5
      md5: 5f38ede9fbeab0ff38341c158984b8e7
      size: 3885
    params:
      params.yaml:
        feature_engineering.max_features: 1000
    outs:
    - path: data/processed
      hash: md5
      md5: 15f16707184ed407bfe5c4ee896c95b2.dir
      size: 20786916
      nfiles: 2
    - path: models/vectorizer.pkl
      hash: md5
      md5: 1695f2455293078d60fc5dd54c5ac328
      size: 176945
  model_building:
    cmd: python src/model/model_building.py
    deps:
    - path: data/processed
      hash: md5
      md5: 15f16707184ed407bfe5c4ee896c95b2.dir
      size: 20786916
      nfiles: 2
    - path: src/model/model_building.py
      hash: md5
      md5: fe1cb893fbd3f168fb5a1ca8eff480e3
      size: 2375
    outs:
    - path: models/model.pkl
      hash: md5
      md5: 5a233e441786bc54e87cafe16da99fba
      size: 8710
  model_evaluation:
    cmd: python src/model/model_evaluation.py
    deps:
    - path: models/model.pkl
      hash: md5
      md5: 5a233e441786bc54e87cafe16da99fba
      size: 8710
    - path: src/model/model_evaluation.py
      hash: md5
      md5: a145d2f40feb79af4ad4c9d13b58ebad
      size: 5888
    outs:
    - path: reports/experiment_info.json
      hash: md5
      md5: 93d6ae90c86bb07b2490c740134a27de
      size: 82
    - path: reports/metrics.json
      hash: md5
      md5: a7621c8d029da12b708837b08645b551
      size: 145
  model_registration:
    cmd: python src/model/register_model.py
    deps:
    - path: reports/experiment_info.json
      hash: md5
      md5: 93d6ae90c86bb07b2490c740134a27de
      size: 82
    - path: src/model/register_model.py
      hash: md5
      md5: ba324c7a4487826eeb4ecf4c48478895
      size: 3100
